
Microsoft Visual Studio Solution File, Format Version 12.00
# Visual Studio Version 16
VisualStudioVersion = 16.0.31624.102
MinimumVisualStudioVersion = 10.0.40219.1
Project("{FAE04EC0-301F-11D3-BF4B-00C04F79EFBC}") = "FASM_MayCry_EXE", "FASM_MayCry_EXE\FASM_MayCry_EXE.csproj", "{F1D7643B-CF9B-44E5-9B44-245D7F7E8561}"
EndProject
Project("{FAE04EC0-301F-11D3-BF4B-00C04F79EFBC}") = "FASM_MayCry", "FASM_MayCry\FASM_MayCry.csproj", "{2AF3BEB3-C878-4C63-9A96-D019B5299EFD}"
EndProject
Global
	GlobalSection(SolutionConfigurationPlatforms) = preSolution
		Debug|Any CPU = Debug|Any CPU
		Debug|x86 = Debug|x86
		Release|Any CPU = Release|Any CPU
		Release|x86 = Release|x86
	EndGlobalSection
	GlobalSection(ProjectConfigurationPlatforms) = postSolution
		{F1D7643B-CF9B-44E5-9B44-245D7F7E8561}.Debug|Any CPU.ActiveCfg = Debug|Any CPU
		{F1D7643B-CF9B-44E5-9B44-245D7F7E8561}.Debug|Any CPU.Build.0 = Debug|Any CPU
		{F1D7643B-CF9B-44E5-9B44-245D7F7E8561}.Debug|x86.ActiveCfg = Debug|x86
		{F1D7643B-CF9B-44E5-9B44-245D7F7E8561}.Debug|x86.Build.0 = Debug|x86
		{F1D7643B-CF9B-44E5-9B44-245D7F7E8561}.Release|Any CPU.ActiveCfg = Release|Any CPU
		{F1D7643B-CF9B-44E5-9B44-245D7F7E8561}.Release|Any CPU.Build.0 = Release|Any CPU
		{F1D7643B-CF9B-44E5-9B44-245D7F7E8561}.Release|x86.ActiveCfg = Release|x86
		{F1D7643B-CF9B-44E5-9B44-245D7F7E8561}.Release|x86.Build.0 = Release|x86
		{2AF3BEB3-C878-4C63-9A96-D019B5299EFD}.Debug|Any CPU.ActiveCfg = Debug|Any CPU
		{2AF3BEB3-C878-4C63-9A96-D019B5299EFD}.Debug|Any CPU.Build.0 = Debug|Any CPU
		{2AF3BEB3-C878-4C63-9A96-D019B5299EFD}.Debug|x86.ActiveCfg = Debug|Any CPU
		{2AF3BEB3-C878-4C63-9A96-D019B5299EFD}.Debug|x86.Build.0 = Debug|Any CPU
		{2AF3BEB3-C878-4C63-9A96-D019B5299EFD}.Release|Any CPU.ActiveCfg = Release|Any CPU
		{2AF3BEB3-C878-4C63-9A96-D019B5299EFD}.Release|Any CPU.Build.0 = Release|Any CPU
		{2AF3BEB3-C878-4C63-9A96-D019B5299EFD}.Release|x86.ActiveCfg = Release|Any CPU
		{2AF3BEB3-C878-4C63-9A96-D019B5299EFD}.Release|x86.Build.0 = Release|Any CPU
	EndGlobalSection
	GlobalSection(SolutionProperties) = preSolution
		HideSolutionNode = FALSE
	EndGlobalSection
	GlobalSection(ExtensibilityGlobals) = postSolution
		SolutionGuid = {AB5F1B5C-AD2E-413C-91C0-69C801634205}
	EndGlobalSection
EndGlobal
